
Microsoft Visual Studio Solution File, Format Version 12.00
# Visual Studio Version 17
VisualStudioVersion = 17.6.33723.286
MinimumVisualStudioVersion = 10.0.40219.1
Project("{2150E333-8FDC-42A3-9474-1A3956D46DE8}") = "Area", "Area", "{55810A0C-14B2-45F9-9FD9-2445795A6D22}"
EndProject
Project("{2150E333-8FDC-42A3-9474-1A3956D46DE8}") = "Contabil", "Contabil", "{0E7C0F85-04DB-4D7F-B282-3E4A78431A77}"
EndProject
Project("{2150E333-8FDC-42A3-9474-1A3956D46DE8}") = "Fiscal", "Fiscal", "{B63C1552-458D-4587-B810-BCF2C771C6BC}"
EndProject
Project("{2150E333-8FDC-42A3-9474-1A3956D46DE8}") = "Pesoal", "Pesoal", "{E464E1C1-9D40-4F67-B762-6378739FB813}"
EndProject
Project("{9A19103F-16F7-4668-BE54-9A1E7A4F7556}") = "Livros", "Area\Contabil\Livros\Livros.csproj", "{58D3E2F3-682A-4E6B-8EA7-EC83AA8278DA}"
EndProject
Project("{9A19103F-16F7-4668-BE54-9A1E7A4F7556}") = "Relatorios", "Area\Contabil\Relatorios\Relatorios.csproj", "{A119149D-8B0B-430E-AC06-F2556C31059D}"
EndProject
Project("{9A19103F-16F7-4668-BE54-9A1E7A4F7556}") = "Auditoria", "Area\Contabil\Auditoria\Auditoria.csproj", "{DC018F2E-A2B1-4C14-8251-0FEBF5B6976D}"
EndProject
Project("{9A19103F-16F7-4668-BE54-9A1E7A4F7556}") = "DFe", "Area\Fiscal\DFe\DFe.csproj", "{7FD61F25-E433-4A2E-9774-A5AEF1A27C6C}"
EndProject
Project("{9A19103F-16F7-4668-BE54-9A1E7A4F7556}") = "SimplesNacional", "Area\Fiscal\SimplesNacional\SimplesNacional.csproj", "{BA107E6B-4A6D-4328-B74E-26ACCAC8CE0B}"
EndProject
Project("{9A19103F-16F7-4668-BE54-9A1E7A4F7556}") = "RecolhaDeNotas", "Area\Fiscal\RecolhaDeNotas\RecolhaDeNotas.csproj", "{E938B513-3D89-4CAE-B5E4-FBF9E9542F30}"
EndProject
Project("{9A19103F-16F7-4668-BE54-9A1E7A4F7556}") = "DIR", "Area\Fiscal\DIR\DIR.csproj", "{890A5D93-86BC-4D87-85FB-78D5913A31D7}"
EndProject
Project("{9A19103F-16F7-4668-BE54-9A1E7A4F7556}") = "Contratacao", "Area\Pessoal\Contratacao\Contratacao.csproj", "{57FD1F8F-5AD3-4F2B-B540-C2E1CD9A5856}"
EndProject
Project("{9A19103F-16F7-4668-BE54-9A1E7A4F7556}") = "FolhaDePagamento", "Area\Pessoal\FolhaDePagamento\FolhaDePagamento.csproj", "{AA3372D0-D84A-4E0A-9286-421363F5A0BB}"
EndProject
Project("{9A19103F-16F7-4668-BE54-9A1E7A4F7556}") = "Repasse", "Area\Pessoal\Repasse\Repasse.csproj", "{C5018B8A-B6DD-4C8D-8492-F9B169738F1A}"
EndProject
Project("{9A19103F-16F7-4668-BE54-9A1E7A4F7556}") = "RAIS", "Area\Pessoal\RAIS\RAIS.csproj", "{18202F6A-6168-441B-90F6-4FCEBC3D1C39}"
EndProject
Project("{FAE04EC0-301F-11D3-BF4B-00C04F79EFBC}") = "WebERPContabil", "WebERPContabil\WebERPContabil.csproj", "{3BD59ED3-AF32-45AC-9E15-8582C6A45BBE}"
EndProject
Global
	GlobalSection(SolutionConfigurationPlatforms) = preSolution
		Debug|Any CPU = Debug|Any CPU
		Release|Any CPU = Release|Any CPU
	EndGlobalSection
	GlobalSection(ProjectConfigurationPlatforms) = postSolution
		{58D3E2F3-682A-4E6B-8EA7-EC83AA8278DA}.Debug|Any CPU.ActiveCfg = Debug|Any CPU
		{58D3E2F3-682A-4E6B-8EA7-EC83AA8278DA}.Debug|Any CPU.Build.0 = Debug|Any CPU
		{58D3E2F3-682A-4E6B-8EA7-EC83AA8278DA}.Release|Any CPU.ActiveCfg = Release|Any CPU
		{58D3E2F3-682A-4E6B-8EA7-EC83AA8278DA}.Release|Any CPU.Build.0 = Release|Any CPU
		{A119149D-8B0B-430E-AC06-F2556C31059D}.Debug|Any CPU.ActiveCfg = Debug|Any CPU
		{A119149D-8B0B-430E-AC06-F2556C31059D}.Debug|Any CPU.Build.0 = Debug|Any CPU
		{A119149D-8B0B-430E-AC06-F2556C31059D}.Release|Any CPU.ActiveCfg = Release|Any CPU
		{A119149D-8B0B-430E-AC06-F2556C31059D}.Release|Any CPU.Build.0 = Release|Any CPU
		{DC018F2E-A2B1-4C14-8251-0FEBF5B6976D}.Debug|Any CPU.ActiveCfg = Debug|Any CPU
		{DC018F2E-A2B1-4C14-8251-0FEBF5B6976D}.Debug|Any CPU.Build.0 = Debug|Any CPU
		{DC018F2E-A2B1-4C14-8251-0FEBF5B6976D}.Release|Any CPU.ActiveCfg = Release|Any CPU
		{DC018F2E-A2B1-4C14-8251-0FEBF5B6976D}.Release|Any CPU.Build.0 = Release|Any CPU
		{7FD61F25-E433-4A2E-9774-A5AEF1A27C6C}.Debug|Any CPU.ActiveCfg = Debug|Any CPU
		{7FD61F25-E433-4A2E-9774-A5AEF1A27C6C}.Debug|Any CPU.Build.0 = Debug|Any CPU
		{7FD61F25-E433-4A2E-9774-A5AEF1A27C6C}.Release|Any CPU.ActiveCfg = Release|Any CPU
		{7FD61F25-E433-4A2E-9774-A5AEF1A27C6C}.Release|Any CPU.Build.0 = Release|Any CPU
		{BA107E6B-4A6D-4328-B74E-26ACCAC8CE0B}.Debug|Any CPU.ActiveCfg = Debug|Any CPU
		{BA107E6B-4A6D-4328-B74E-26ACCAC8CE0B}.Debug|Any CPU.Build.0 = Debug|Any CPU
		{BA107E6B-4A6D-4328-B74E-26ACCAC8CE0B}.Release|Any CPU.ActiveCfg = Release|Any CPU
		{BA107E6B-4A6D-4328-B74E-26ACCAC8CE0B}.Release|Any CPU.Build.0 = Release|Any CPU
		{E938B513-3D89-4CAE-B5E4-FBF9E9542F30}.Debug|Any CPU.ActiveCfg = Debug|Any CPU
		{E938B513-3D89-4CAE-B5E4-FBF9E9542F30}.Debug|Any CPU.Build.0 = Debug|Any CPU
		{E938B513-3D89-4CAE-B5E4-FBF9E9542F30}.Release|Any CPU.ActiveCfg = Release|Any CPU
		{E938B513-3D89-4CAE-B5E4-FBF9E9542F30}.Release|Any CPU.Build.0 = Release|Any CPU
		{890A5D93-86BC-4D87-85FB-78D5913A31D7}.Debug|Any CPU.ActiveCfg = Debug|Any CPU
		{890A5D93-86BC-4D87-85FB-78D5913A31D7}.Debug|Any CPU.Build.0 = Debug|Any CPU
		{890A5D93-86BC-4D87-85FB-78D5913A31D7}.Release|Any CPU.ActiveCfg = Release|Any CPU
		{890A5D93-86BC-4D87-85FB-78D5913A31D7}.Release|Any CPU.Build.0 = Release|Any CPU
		{57FD1F8F-5AD3-4F2B-B540-C2E1CD9A5856}.Debug|Any CPU.ActiveCfg = Debug|Any CPU
		{57FD1F8F-5AD3-4F2B-B540-C2E1CD9A5856}.Debug|Any CPU.Build.0 = Debug|Any CPU
		{57FD1F8F-5AD3-4F2B-B540-C2E1CD9A5856}.Release|Any CPU.ActiveCfg = Release|Any CPU
		{57FD1F8F-5AD3-4F2B-B540-C2E1CD9A5856}.Release|Any CPU.Build.0 = Release|Any CPU
		{AA3372D0-D84A-4E0A-9286-421363F5A0BB}.Debug|Any CPU.ActiveCfg = Debug|Any CPU
		{AA3372D0-D84A-4E0A-9286-421363F5A0BB}.Debug|Any CPU.Build.0 = Debug|Any CPU
		{AA3372D0-D84A-4E0A-9286-421363F5A0BB}.Release|Any CPU.ActiveCfg = Release|Any CPU
		{AA3372D0-D84A-4E0A-9286-421363F5A0BB}.Release|Any CPU.Build.0 = Release|Any CPU
		{C5018B8A-B6DD-4C8D-8492-F9B169738F1A}.Debug|Any CPU.ActiveCfg = Debug|Any CPU
		{C5018B8A-B6DD-4C8D-8492-F9B169738F1A}.Debug|Any CPU.Build.0 = Debug|Any CPU
		{C5018B8A-B6DD-4C8D-8492-F9B169738F1A}.Release|Any CPU.ActiveCfg = Release|Any CPU
		{C5018B8A-B6DD-4C8D-8492-F9B169738F1A}.Release|Any CPU.Build.0 = Release|Any CPU
		{18202F6A-6168-441B-90F6-4FCEBC3D1C39}.Debug|Any CPU.ActiveCfg = Debug|Any CPU
		{18202F6A-6168-441B-90F6-4FCEBC3D1C39}.Debug|Any CPU.Build.0 = Debug|Any CPU
		{18202F6A-6168-441B-90F6-4FCEBC3D1C39}.Release|Any CPU.ActiveCfg = Release|Any CPU
		{18202F6A-6168-441B-90F6-4FCEBC3D1C39}.Release|Any CPU.Build.0 = Release|Any CPU
		{3BD59ED3-AF32-45AC-9E15-8582C6A45BBE}.Debug|Any CPU.ActiveCfg = Debug|Any CPU
		{3BD59ED3-AF32-45AC-9E15-8582C6A45BBE}.Debug|Any CPU.Build.0 = Debug|Any CPU
		{3BD59ED3-AF32-45AC-9E15-8582C6A45BBE}.Release|Any CPU.ActiveCfg = Release|Any CPU
		{3BD59ED3-AF32-45AC-9E15-8582C6A45BBE}.Release|Any CPU.Build.0 = Release|Any CPU
	EndGlobalSection
	GlobalSection(SolutionProperties) = preSolution
		HideSolutionNode = FALSE
	EndGlobalSection
	GlobalSection(NestedProjects) = preSolution
		{0E7C0F85-04DB-4D7F-B282-3E4A78431A77} = {55810A0C-14B2-45F9-9FD9-2445795A6D22}
		{B63C1552-458D-4587-B810-BCF2C771C6BC} = {55810A0C-14B2-45F9-9FD9-2445795A6D22}
		{E464E1C1-9D40-4F67-B762-6378739FB813} = {55810A0C-14B2-45F9-9FD9-2445795A6D22}
		{58D3E2F3-682A-4E6B-8EA7-EC83AA8278DA} = {0E7C0F85-04DB-4D7F-B282-3E4A78431A77}
		{A119149D-8B0B-430E-AC06-F2556C31059D} = {0E7C0F85-04DB-4D7F-B282-3E4A78431A77}
		{DC018F2E-A2B1-4C14-8251-0FEBF5B6976D} = {0E7C0F85-04DB-4D7F-B282-3E4A78431A77}
		{7FD61F25-E433-4A2E-9774-A5AEF1A27C6C} = {B63C1552-458D-4587-B810-BCF2C771C6BC}
		{BA107E6B-4A6D-4328-B74E-26ACCAC8CE0B} = {B63C1552-458D-4587-B810-BCF2C771C6BC}
		{E938B513-3D89-4CAE-B5E4-FBF9E9542F30} = {B63C1552-458D-4587-B810-BCF2C771C6BC}
		{890A5D93-86BC-4D87-85FB-78D5913A31D7} = {B63C1552-458D-4587-B810-BCF2C771C6BC}
		{57FD1F8F-5AD3-4F2B-B540-C2E1CD9A5856} = {E464E1C1-9D40-4F67-B762-6378739FB813}
		{AA3372D0-D84A-4E0A-9286-421363F5A0BB} = {E464E1C1-9D40-4F67-B762-6378739FB813}
		{C5018B8A-B6DD-4C8D-8492-F9B169738F1A} = {E464E1C1-9D40-4F67-B762-6378739FB813}
		{18202F6A-6168-441B-90F6-4FCEBC3D1C39} = {E464E1C1-9D40-4F67-B762-6378739FB813}
	EndGlobalSection
	GlobalSection(ExtensibilityGlobals) = postSolution
		SolutionGuid = {93910E7F-516B-4357-8951-71EBE6DC15CC}
	EndGlobalSection
EndGlobal
