
Microsoft Visual Studio Solution File, Format Version 12.00
# Visual Studio Version 17
VisualStudioVersion = 17.6.33829.357
MinimumVisualStudioVersion = 10.0.40219.1
Project("{2150E333-8FDC-42A3-9474-1A3956D46DE8}") = "Microservicos", "Microservicos", "{E32A8B6F-E886-427B-8241-E21A1D9C0D32}"
EndProject
Project("{2150E333-8FDC-42A3-9474-1A3956D46DE8}") = "UI", "UI", "{976A939D-CE9E-4F05-AE20-771448691494}"
EndProject
Project("{2150E333-8FDC-42A3-9474-1A3956D46DE8}") = "Gateways", "Gateways", "{1CAB891F-9A07-4B5E-8A99-4D8CE765D823}"
EndProject
Project("{2150E333-8FDC-42A3-9474-1A3956D46DE8}") = "DepartamentoContabil", "DepartamentoContabil", "{420917CA-42BC-4D2C-BA34-61D262260B39}"
EndProject
Project("{2150E333-8FDC-42A3-9474-1A3956D46DE8}") = "DepartamentoFiscal", "DepartamentoFiscal", "{21F3B0AA-96BE-41AF-9777-DF07173541A9}"
EndProject
Project("{2150E333-8FDC-42A3-9474-1A3956D46DE8}") = "DepartamentoPessoal", "DepartamentoPessoal", "{EB4D2D87-FC5D-49F5-B585-87D4AA12D7CB}"
EndProject
Project("{2150E333-8FDC-42A3-9474-1A3956D46DE8}") = "Livros", "Livros", "{A07F0E47-65D3-46EE-944D-F3A26E236096}"
EndProject
Project("{2150E333-8FDC-42A3-9474-1A3956D46DE8}") = "DFe", "DFe", "{12AE5873-C8DB-41E2-9A69-50D347141A53}"
EndProject
Project("{2150E333-8FDC-42A3-9474-1A3956D46DE8}") = "DIR", "DIR", "{4AD28747-90B0-4DE7-A01D-EC00BDC92C3B}"
EndProject
Project("{2150E333-8FDC-42A3-9474-1A3956D46DE8}") = "SimplesNacional", "SimplesNacional", "{9D5D6158-9411-44CB-B882-671154AFD27D}"
EndProject
Project("{2150E333-8FDC-42A3-9474-1A3956D46DE8}") = "Contratacao", "Contratacao", "{C7728723-B931-4B85-A20C-67B1CA871DFD}"
EndProject
Project("{2150E333-8FDC-42A3-9474-1A3956D46DE8}") = "Repasse", "Repasse", "{F4630E81-9473-45AE-AB68-BA0BFB84060B}"
EndProject
Project("{9A19103F-16F7-4668-BE54-9A1E7A4F7556}") = "Caixa", "Microservicos\DepartamentoContabil\Livros\Caixa\Caixa.csproj", "{86781E1A-D34F-4AB5-80AE-A4724672CFFA}"
EndProject
Project("{9A19103F-16F7-4668-BE54-9A1E7A4F7556}") = "RegistroEntradas", "Microservicos\DepartamentoContabil\Livros\RegistroEntradas\RegistroEntradas.csproj", "{6C550448-E8D2-4C69-9446-562E58DFC209}"
EndProject
Project("{9A19103F-16F7-4668-BE54-9A1E7A4F7556}") = "CTe", "Microservicos\DepartamentoFiscal\DFe\CTe\CTe.csproj", "{3F306DBF-6DA5-4559-A045-3AB56B49603D}"
EndProject
Project("{9A19103F-16F7-4668-BE54-9A1E7A4F7556}") = "DIFAL", "Microservicos\DepartamentoFiscal\DFe\DIFAL\DIFAL.csproj", "{03C14F6F-1B71-4E8B-B133-DBCC80B4AD0C}"
EndProject
Project("{9A19103F-16F7-4668-BE54-9A1E7A4F7556}") = "MDFe", "Microservicos\DepartamentoFiscal\DFe\MDFe\MDFe.csproj", "{9D40AD66-359C-45E6-9DC5-5CA93964583B}"
EndProject
Project("{9A19103F-16F7-4668-BE54-9A1E7A4F7556}") = "NFCe", "Microservicos\DepartamentoFiscal\DFe\NFCe\NFCe.csproj", "{A029D5E1-08C3-40AA-9780-D3905E192BA5}"
EndProject
Project("{9A19103F-16F7-4668-BE54-9A1E7A4F7556}") = "NFe", "Microservicos\DepartamentoFiscal\DFe\NFe\NFe.csproj", "{5D0DA7AF-B0C2-4378-8661-8EF12B476B1C}"
EndProject
Project("{9A19103F-16F7-4668-BE54-9A1E7A4F7556}") = "RegistroInventario", "Microservicos\DepartamentoContabil\Livros\RegistroInventario\RegistroInventario.csproj", "{51576033-2CAC-4479-A2B3-04117AA00546}"
EndProject
Project("{9A19103F-16F7-4668-BE54-9A1E7A4F7556}") = "RegistroSaidas", "Microservicos\DepartamentoContabil\Livros\RegistroSaidas\RegistroSaidas.csproj", "{5D882C08-BA24-49C0-8A81-B8ABE0CB2C53}"
EndProject
Project("{9A19103F-16F7-4668-BE54-9A1E7A4F7556}") = "Auditoria", "Microservicos\DepartamentoContabil\Auditoria\Auditoria.csproj", "{9DCB2176-9394-477E-9F67-574E993D1047}"
EndProject
Project("{9A19103F-16F7-4668-BE54-9A1E7A4F7556}") = "Relatorios", "Microservicos\DepartamentoContabil\Relatorios\Relatorios.csproj", "{800FB28D-2B77-49D3-9C75-3542D2691A4F}"
EndProject
Project("{9A19103F-16F7-4668-BE54-9A1E7A4F7556}") = "DIRF", "Microservicos\DepartamentoFiscal\DIR\DIRF\DIRF.csproj", "{23F08ABF-F0B8-4234-81D6-12B7BEFB22C3}"
EndProject
Project("{9A19103F-16F7-4668-BE54-9A1E7A4F7556}") = "DIRPF", "Microservicos\DepartamentoFiscal\DIR\DIRPF\DIRPF.csproj", "{40193087-2E38-4B71-92C5-651E9B15BC9E}"
EndProject
Project("{9A19103F-16F7-4668-BE54-9A1E7A4F7556}") = "DEFIS", "Microservicos\DepartamentoFiscal\SimplesNacional\DEFIS\DEFIS.csproj", "{ECEFEF00-AB96-4CDF-AD0C-ACB48FF1C7CC}"
EndProject
Project("{9A19103F-16F7-4668-BE54-9A1E7A4F7556}") = "DeSTDA", "Microservicos\DepartamentoFiscal\SimplesNacional\DeSTDA\DeSTDA.csproj", "{E16EE0A0-E064-49CD-B6BE-AD9536A04A11}"
EndProject
Project("{9A19103F-16F7-4668-BE54-9A1E7A4F7556}") = "PGDAS", "Microservicos\DepartamentoFiscal\SimplesNacional\PGDAS\PGDAS.csproj", "{0C58351E-56C8-4053-9B4F-C5580ACC0040}"
EndProject
Project("{9A19103F-16F7-4668-BE54-9A1E7A4F7556}") = "RecolhimentoICMS", "Microservicos\DepartamentoFiscal\SimplesNacional\RecolhimentoICMS\RecolhimentoICMS.csproj", "{BF6784F6-E5A6-4348-8423-4951EAD1848D}"
EndProject
Project("{9A19103F-16F7-4668-BE54-9A1E7A4F7556}") = "Demissao", "Microservicos\DepartamentoPessoal\Contatacao\Demissao\Demissao.csproj", "{BD50C53A-4E78-44E2-BAC7-0538EAA08384}"
EndProject
Project("{9A19103F-16F7-4668-BE54-9A1E7A4F7556}") = "RegistroServicosPrestados", "Microservicos\DepartamentoContabil\Livros\RegistroServicosPrestados\RegistroServicosPrestados.csproj", "{CDF0000F-2B7A-4D15-9C59-9A98E631A2C1}"
EndProject
Project("{9A19103F-16F7-4668-BE54-9A1E7A4F7556}") = "Admissao", "Microservicos\DepartamentoPessoal\Contatacao\Admissao\Admissao.csproj", "{0CCF2105-7FCB-4493-8C37-2AE15DD35ABB}"
EndProject
Project("{9A19103F-16F7-4668-BE54-9A1E7A4F7556}") = "RepasseFGTS", "Microservicos\DepartamentoPessoal\Repasse\RepasseFGTS\RepasseFGTS.csproj", "{D52AA8D5-5829-4125-84CA-8DF85B5F982B}"
EndProject
Project("{9A19103F-16F7-4668-BE54-9A1E7A4F7556}") = "RepasseINSS", "Microservicos\DepartamentoPessoal\Repasse\RepasseINSS\RepasseINSS.csproj", "{C884578E-4922-436D-8C69-7A6311CAE357}"
EndProject
Project("{9A19103F-16F7-4668-BE54-9A1E7A4F7556}") = "RepasseIR", "Microservicos\DepartamentoPessoal\Repasse\RepasseIR\RepasseIR.csproj", "{E60CE00B-5C07-4CA3-A37B-32F940E0ED89}"
EndProject
Project("{9A19103F-16F7-4668-BE54-9A1E7A4F7556}") = "WEB_ERP_CONTABIL", "UI\WEB_ERP_CONTABIL\WEB_ERP_CONTABIL.csproj", "{13C7C2B2-8998-4466-92D6-CC7A7B4371E7}"
EndProject
Project("{E53339B2-1760-4266-BCC7-CA923CBCF16C}") = "docker-compose", "docker-compose.dcproj", "{0A21EF7D-F9EE-4A96-AEBB-29D945E4BB4E}"
EndProject
Global
	GlobalSection(SolutionConfigurationPlatforms) = preSolution
		Debug|Any CPU = Debug|Any CPU
		Release|Any CPU = Release|Any CPU
	EndGlobalSection
	GlobalSection(ProjectConfigurationPlatforms) = postSolution
		{86781E1A-D34F-4AB5-80AE-A4724672CFFA}.Debug|Any CPU.ActiveCfg = Debug|Any CPU
		{86781E1A-D34F-4AB5-80AE-A4724672CFFA}.Debug|Any CPU.Build.0 = Debug|Any CPU
		{86781E1A-D34F-4AB5-80AE-A4724672CFFA}.Release|Any CPU.ActiveCfg = Release|Any CPU
		{86781E1A-D34F-4AB5-80AE-A4724672CFFA}.Release|Any CPU.Build.0 = Release|Any CPU
		{6C550448-E8D2-4C69-9446-562E58DFC209}.Debug|Any CPU.ActiveCfg = Debug|Any CPU
		{6C550448-E8D2-4C69-9446-562E58DFC209}.Debug|Any CPU.Build.0 = Debug|Any CPU
		{6C550448-E8D2-4C69-9446-562E58DFC209}.Release|Any CPU.ActiveCfg = Release|Any CPU
		{6C550448-E8D2-4C69-9446-562E58DFC209}.Release|Any CPU.Build.0 = Release|Any CPU
		{3F306DBF-6DA5-4559-A045-3AB56B49603D}.Debug|Any CPU.ActiveCfg = Debug|Any CPU
		{3F306DBF-6DA5-4559-A045-3AB56B49603D}.Debug|Any CPU.Build.0 = Debug|Any CPU
		{3F306DBF-6DA5-4559-A045-3AB56B49603D}.Release|Any CPU.ActiveCfg = Release|Any CPU
		{3F306DBF-6DA5-4559-A045-3AB56B49603D}.Release|Any CPU.Build.0 = Release|Any CPU
		{03C14F6F-1B71-4E8B-B133-DBCC80B4AD0C}.Debug|Any CPU.ActiveCfg = Debug|Any CPU
		{03C14F6F-1B71-4E8B-B133-DBCC80B4AD0C}.Debug|Any CPU.Build.0 = Debug|Any CPU
		{03C14F6F-1B71-4E8B-B133-DBCC80B4AD0C}.Release|Any CPU.ActiveCfg = Release|Any CPU
		{03C14F6F-1B71-4E8B-B133-DBCC80B4AD0C}.Release|Any CPU.Build.0 = Release|Any CPU
		{9D40AD66-359C-45E6-9DC5-5CA93964583B}.Debug|Any CPU.ActiveCfg = Debug|Any CPU
		{9D40AD66-359C-45E6-9DC5-5CA93964583B}.Debug|Any CPU.Build.0 = Debug|Any CPU
		{9D40AD66-359C-45E6-9DC5-5CA93964583B}.Release|Any CPU.ActiveCfg = Release|Any CPU
		{9D40AD66-359C-45E6-9DC5-5CA93964583B}.Release|Any CPU.Build.0 = Release|Any CPU
		{A029D5E1-08C3-40AA-9780-D3905E192BA5}.Debug|Any CPU.ActiveCfg = Debug|Any CPU
		{A029D5E1-08C3-40AA-9780-D3905E192BA5}.Debug|Any CPU.Build.0 = Debug|Any CPU
		{A029D5E1-08C3-40AA-9780-D3905E192BA5}.Release|Any CPU.ActiveCfg = Release|Any CPU
		{A029D5E1-08C3-40AA-9780-D3905E192BA5}.Release|Any CPU.Build.0 = Release|Any CPU
		{5D0DA7AF-B0C2-4378-8661-8EF12B476B1C}.Debug|Any CPU.ActiveCfg = Debug|Any CPU
		{5D0DA7AF-B0C2-4378-8661-8EF12B476B1C}.Debug|Any CPU.Build.0 = Debug|Any CPU
		{5D0DA7AF-B0C2-4378-8661-8EF12B476B1C}.Release|Any CPU.ActiveCfg = Release|Any CPU
		{5D0DA7AF-B0C2-4378-8661-8EF12B476B1C}.Release|Any CPU.Build.0 = Release|Any CPU
		{51576033-2CAC-4479-A2B3-04117AA00546}.Debug|Any CPU.ActiveCfg = Debug|Any CPU
		{51576033-2CAC-4479-A2B3-04117AA00546}.Debug|Any CPU.Build.0 = Debug|Any CPU
		{51576033-2CAC-4479-A2B3-04117AA00546}.Release|Any CPU.ActiveCfg = Release|Any CPU
		{51576033-2CAC-4479-A2B3-04117AA00546}.Release|Any CPU.Build.0 = Release|Any CPU
		{5D882C08-BA24-49C0-8A81-B8ABE0CB2C53}.Debug|Any CPU.ActiveCfg = Debug|Any CPU
		{5D882C08-BA24-49C0-8A81-B8ABE0CB2C53}.Debug|Any CPU.Build.0 = Debug|Any CPU
		{5D882C08-BA24-49C0-8A81-B8ABE0CB2C53}.Release|Any CPU.ActiveCfg = Release|Any CPU
		{5D882C08-BA24-49C0-8A81-B8ABE0CB2C53}.Release|Any CPU.Build.0 = Release|Any CPU
		{9DCB2176-9394-477E-9F67-574E993D1047}.Debug|Any CPU.ActiveCfg = Debug|Any CPU
		{9DCB2176-9394-477E-9F67-574E993D1047}.Debug|Any CPU.Build.0 = Debug|Any CPU
		{9DCB2176-9394-477E-9F67-574E993D1047}.Release|Any CPU.ActiveCfg = Release|Any CPU
		{9DCB2176-9394-477E-9F67-574E993D1047}.Release|Any CPU.Build.0 = Release|Any CPU
		{800FB28D-2B77-49D3-9C75-3542D2691A4F}.Debug|Any CPU.ActiveCfg = Debug|Any CPU
		{800FB28D-2B77-49D3-9C75-3542D2691A4F}.Debug|Any CPU.Build.0 = Debug|Any CPU
		{800FB28D-2B77-49D3-9C75-3542D2691A4F}.Release|Any CPU.ActiveCfg = Release|Any CPU
		{800FB28D-2B77-49D3-9C75-3542D2691A4F}.Release|Any CPU.Build.0 = Release|Any CPU
		{23F08ABF-F0B8-4234-81D6-12B7BEFB22C3}.Debug|Any CPU.ActiveCfg = Debug|Any CPU
		{23F08ABF-F0B8-4234-81D6-12B7BEFB22C3}.Debug|Any CPU.Build.0 = Debug|Any CPU
		{23F08ABF-F0B8-4234-81D6-12B7BEFB22C3}.Release|Any CPU.ActiveCfg = Release|Any CPU
		{23F08ABF-F0B8-4234-81D6-12B7BEFB22C3}.Release|Any CPU.Build.0 = Release|Any CPU
		{40193087-2E38-4B71-92C5-651E9B15BC9E}.Debug|Any CPU.ActiveCfg = Debug|Any CPU
		{40193087-2E38-4B71-92C5-651E9B15BC9E}.Debug|Any CPU.Build.0 = Debug|Any CPU
		{40193087-2E38-4B71-92C5-651E9B15BC9E}.Release|Any CPU.ActiveCfg = Release|Any CPU
		{40193087-2E38-4B71-92C5-651E9B15BC9E}.Release|Any CPU.Build.0 = Release|Any CPU
		{ECEFEF00-AB96-4CDF-AD0C-ACB48FF1C7CC}.Debug|Any CPU.ActiveCfg = Debug|Any CPU
		{ECEFEF00-AB96-4CDF-AD0C-ACB48FF1C7CC}.Debug|Any CPU.Build.0 = Debug|Any CPU
		{ECEFEF00-AB96-4CDF-AD0C-ACB48FF1C7CC}.Release|Any CPU.ActiveCfg = Release|Any CPU
		{ECEFEF00-AB96-4CDF-AD0C-ACB48FF1C7CC}.Release|Any CPU.Build.0 = Release|Any CPU
		{E16EE0A0-E064-49CD-B6BE-AD9536A04A11}.Debug|Any CPU.ActiveCfg = Debug|Any CPU
		{E16EE0A0-E064-49CD-B6BE-AD9536A04A11}.Debug|Any CPU.Build.0 = Debug|Any CPU
		{E16EE0A0-E064-49CD-B6BE-AD9536A04A11}.Release|Any CPU.ActiveCfg = Release|Any CPU
		{E16EE0A0-E064-49CD-B6BE-AD9536A04A11}.Release|Any CPU.Build.0 = Release|Any CPU
		{0C58351E-56C8-4053-9B4F-C5580ACC0040}.Debug|Any CPU.ActiveCfg = Debug|Any CPU
		{0C58351E-56C8-4053-9B4F-C5580ACC0040}.Debug|Any CPU.Build.0 = Debug|Any CPU
		{0C58351E-56C8-4053-9B4F-C5580ACC0040}.Release|Any CPU.ActiveCfg = Release|Any CPU
		{0C58351E-56C8-4053-9B4F-C5580ACC0040}.Release|Any CPU.Build.0 = Release|Any CPU
		{BF6784F6-E5A6-4348-8423-4951EAD1848D}.Debug|Any CPU.ActiveCfg = Debug|Any CPU
		{BF6784F6-E5A6-4348-8423-4951EAD1848D}.Debug|Any CPU.Build.0 = Debug|Any CPU
		{BF6784F6-E5A6-4348-8423-4951EAD1848D}.Release|Any CPU.ActiveCfg = Release|Any CPU
		{BF6784F6-E5A6-4348-8423-4951EAD1848D}.Release|Any CPU.Build.0 = Release|Any CPU
		{BD50C53A-4E78-44E2-BAC7-0538EAA08384}.Debug|Any CPU.ActiveCfg = Debug|Any CPU
		{BD50C53A-4E78-44E2-BAC7-0538EAA08384}.Debug|Any CPU.Build.0 = Debug|Any CPU
		{BD50C53A-4E78-44E2-BAC7-0538EAA08384}.Release|Any CPU.ActiveCfg = Release|Any CPU
		{BD50C53A-4E78-44E2-BAC7-0538EAA08384}.Release|Any CPU.Build.0 = Release|Any CPU
		{CDF0000F-2B7A-4D15-9C59-9A98E631A2C1}.Debug|Any CPU.ActiveCfg = Debug|Any CPU
		{CDF0000F-2B7A-4D15-9C59-9A98E631A2C1}.Debug|Any CPU.Build.0 = Debug|Any CPU
		{CDF0000F-2B7A-4D15-9C59-9A98E631A2C1}.Release|Any CPU.ActiveCfg = Release|Any CPU
		{CDF0000F-2B7A-4D15-9C59-9A98E631A2C1}.Release|Any CPU.Build.0 = Release|Any CPU
		{0CCF2105-7FCB-4493-8C37-2AE15DD35ABB}.Debug|Any CPU.ActiveCfg = Debug|Any CPU
		{0CCF2105-7FCB-4493-8C37-2AE15DD35ABB}.Debug|Any CPU.Build.0 = Debug|Any CPU
		{0CCF2105-7FCB-4493-8C37-2AE15DD35ABB}.Release|Any CPU.ActiveCfg = Release|Any CPU
		{0CCF2105-7FCB-4493-8C37-2AE15DD35ABB}.Release|Any CPU.Build.0 = Release|Any CPU
		{D52AA8D5-5829-4125-84CA-8DF85B5F982B}.Debug|Any CPU.ActiveCfg = Debug|Any CPU
		{D52AA8D5-5829-4125-84CA-8DF85B5F982B}.Debug|Any CPU.Build.0 = Debug|Any CPU
		{D52AA8D5-5829-4125-84CA-8DF85B5F982B}.Release|Any CPU.ActiveCfg = Release|Any CPU
		{D52AA8D5-5829-4125-84CA-8DF85B5F982B}.Release|Any CPU.Build.0 = Release|Any CPU
		{C884578E-4922-436D-8C69-7A6311CAE357}.Debug|Any CPU.ActiveCfg = Debug|Any CPU
		{C884578E-4922-436D-8C69-7A6311CAE357}.Debug|Any CPU.Build.0 = Debug|Any CPU
		{C884578E-4922-436D-8C69-7A6311CAE357}.Release|Any CPU.ActiveCfg = Release|Any CPU
		{C884578E-4922-436D-8C69-7A6311CAE357}.Release|Any CPU.Build.0 = Release|Any CPU
		{E60CE00B-5C07-4CA3-A37B-32F940E0ED89}.Debug|Any CPU.ActiveCfg = Debug|Any CPU
		{E60CE00B-5C07-4CA3-A37B-32F940E0ED89}.Debug|Any CPU.Build.0 = Debug|Any CPU
		{E60CE00B-5C07-4CA3-A37B-32F940E0ED89}.Release|Any CPU.ActiveCfg = Release|Any CPU
		{E60CE00B-5C07-4CA3-A37B-32F940E0ED89}.Release|Any CPU.Build.0 = Release|Any CPU
		{13C7C2B2-8998-4466-92D6-CC7A7B4371E7}.Debug|Any CPU.ActiveCfg = Debug|Any CPU
		{13C7C2B2-8998-4466-92D6-CC7A7B4371E7}.Debug|Any CPU.Build.0 = Debug|Any CPU
		{13C7C2B2-8998-4466-92D6-CC7A7B4371E7}.Release|Any CPU.ActiveCfg = Release|Any CPU
		{13C7C2B2-8998-4466-92D6-CC7A7B4371E7}.Release|Any CPU.Build.0 = Release|Any CPU
		{0A21EF7D-F9EE-4A96-AEBB-29D945E4BB4E}.Debug|Any CPU.ActiveCfg = Debug|Any CPU
		{0A21EF7D-F9EE-4A96-AEBB-29D945E4BB4E}.Debug|Any CPU.Build.0 = Debug|Any CPU
		{0A21EF7D-F9EE-4A96-AEBB-29D945E4BB4E}.Release|Any CPU.ActiveCfg = Release|Any CPU
		{0A21EF7D-F9EE-4A96-AEBB-29D945E4BB4E}.Release|Any CPU.Build.0 = Release|Any CPU
	EndGlobalSection
	GlobalSection(SolutionProperties) = preSolution
		HideSolutionNode = FALSE
	EndGlobalSection
	GlobalSection(NestedProjects) = preSolution
		{420917CA-42BC-4D2C-BA34-61D262260B39} = {E32A8B6F-E886-427B-8241-E21A1D9C0D32}
		{21F3B0AA-96BE-41AF-9777-DF07173541A9} = {E32A8B6F-E886-427B-8241-E21A1D9C0D32}
		{EB4D2D87-FC5D-49F5-B585-87D4AA12D7CB} = {E32A8B6F-E886-427B-8241-E21A1D9C0D32}
		{A07F0E47-65D3-46EE-944D-F3A26E236096} = {420917CA-42BC-4D2C-BA34-61D262260B39}
		{12AE5873-C8DB-41E2-9A69-50D347141A53} = {21F3B0AA-96BE-41AF-9777-DF07173541A9}
		{4AD28747-90B0-4DE7-A01D-EC00BDC92C3B} = {21F3B0AA-96BE-41AF-9777-DF07173541A9}
		{9D5D6158-9411-44CB-B882-671154AFD27D} = {21F3B0AA-96BE-41AF-9777-DF07173541A9}
		{C7728723-B931-4B85-A20C-67B1CA871DFD} = {EB4D2D87-FC5D-49F5-B585-87D4AA12D7CB}
		{F4630E81-9473-45AE-AB68-BA0BFB84060B} = {EB4D2D87-FC5D-49F5-B585-87D4AA12D7CB}
		{86781E1A-D34F-4AB5-80AE-A4724672CFFA} = {A07F0E47-65D3-46EE-944D-F3A26E236096}
		{6C550448-E8D2-4C69-9446-562E58DFC209} = {A07F0E47-65D3-46EE-944D-F3A26E236096}
		{3F306DBF-6DA5-4559-A045-3AB56B49603D} = {12AE5873-C8DB-41E2-9A69-50D347141A53}
		{03C14F6F-1B71-4E8B-B133-DBCC80B4AD0C} = {12AE5873-C8DB-41E2-9A69-50D347141A53}
		{9D40AD66-359C-45E6-9DC5-5CA93964583B} = {12AE5873-C8DB-41E2-9A69-50D347141A53}
		{A029D5E1-08C3-40AA-9780-D3905E192BA5} = {12AE5873-C8DB-41E2-9A69-50D347141A53}
		{5D0DA7AF-B0C2-4378-8661-8EF12B476B1C} = {12AE5873-C8DB-41E2-9A69-50D347141A53}
		{51576033-2CAC-4479-A2B3-04117AA00546} = {A07F0E47-65D3-46EE-944D-F3A26E236096}
		{5D882C08-BA24-49C0-8A81-B8ABE0CB2C53} = {A07F0E47-65D3-46EE-944D-F3A26E236096}
		{9DCB2176-9394-477E-9F67-574E993D1047} = {420917CA-42BC-4D2C-BA34-61D262260B39}
		{800FB28D-2B77-49D3-9C75-3542D2691A4F} = {420917CA-42BC-4D2C-BA34-61D262260B39}
		{23F08ABF-F0B8-4234-81D6-12B7BEFB22C3} = {4AD28747-90B0-4DE7-A01D-EC00BDC92C3B}
		{40193087-2E38-4B71-92C5-651E9B15BC9E} = {4AD28747-90B0-4DE7-A01D-EC00BDC92C3B}
		{ECEFEF00-AB96-4CDF-AD0C-ACB48FF1C7CC} = {9D5D6158-9411-44CB-B882-671154AFD27D}
		{E16EE0A0-E064-49CD-B6BE-AD9536A04A11} = {9D5D6158-9411-44CB-B882-671154AFD27D}
		{0C58351E-56C8-4053-9B4F-C5580ACC0040} = {9D5D6158-9411-44CB-B882-671154AFD27D}
		{BF6784F6-E5A6-4348-8423-4951EAD1848D} = {9D5D6158-9411-44CB-B882-671154AFD27D}
		{BD50C53A-4E78-44E2-BAC7-0538EAA08384} = {C7728723-B931-4B85-A20C-67B1CA871DFD}
		{CDF0000F-2B7A-4D15-9C59-9A98E631A2C1} = {A07F0E47-65D3-46EE-944D-F3A26E236096}
		{0CCF2105-7FCB-4493-8C37-2AE15DD35ABB} = {C7728723-B931-4B85-A20C-67B1CA871DFD}
		{D52AA8D5-5829-4125-84CA-8DF85B5F982B} = {F4630E81-9473-45AE-AB68-BA0BFB84060B}
		{C884578E-4922-436D-8C69-7A6311CAE357} = {F4630E81-9473-45AE-AB68-BA0BFB84060B}
		{E60CE00B-5C07-4CA3-A37B-32F940E0ED89} = {F4630E81-9473-45AE-AB68-BA0BFB84060B}
		{13C7C2B2-8998-4466-92D6-CC7A7B4371E7} = {976A939D-CE9E-4F05-AE20-771448691494}
	EndGlobalSection
	GlobalSection(ExtensibilityGlobals) = postSolution
		SolutionGuid = {A8E05B0C-9268-4CD2-846C-04FEC4ED1FE1}
	EndGlobalSection
EndGlobal
